
Microsoft Visual Studio Solution File, Format Version 12.00
# Visual Studio Version 17
VisualStudioVersion = 17.10.35013.160
MinimumVisualStudioVersion = 10.0.40219.1
Project("{FAE04EC0-301F-11D3-BF4B-00C04F79EFBC}") = "qq", "qq\qq.csproj", "{5C4CFEA8-F332-419A-8B67-C47207BDC58A}"
EndProject
Global
	GlobalSection(SolutionConfigurationPlatforms) = preSolution
		Debug|Any CPU = Debug|Any CPU
		Release|Any CPU = Release|Any CPU
	EndGlobalSection
	GlobalSection(ProjectConfigurationPlatforms) = postSolution
		{5C4CFEA8-F332-419A-8B67-C47207BDC58A}.Debug|Any CPU.ActiveCfg = Debug|Any CPU
		{5C4CFEA8-F332-419A-8B67-C47207BDC58A}.Debug|Any CPU.Build.0 = Debug|Any CPU
		{5C4CFEA8-F332-419A-8B67-C47207BDC58A}.Release|Any CPU.ActiveCfg = Release|Any CPU
		{5C4CFEA8-F332-419A-8B67-C47207BDC58A}.Release|Any CPU.Build.0 = Release|Any CPU
	EndGlobalSection
	GlobalSection(SolutionProperties) = preSolution
		HideSolutionNode = FALSE
	EndGlobalSection
	GlobalSection(ExtensibilityGlobals) = postSolution
		SolutionGuid = {DE60B373-5E1F-40B3-B5BE-D650861C29FB}
	EndGlobalSection
EndGlobal
